{
  "originHash" : "387b039a58a75f83c37fa5b6adeeb47e4b2b8623c7db590343bf13322e27d6ea",
  "pins" : [
    {
      "identity" : "alamofire",
      "kind" : "remoteSourceControl",
      "location" : "https://github.com/Alamofire/Alamofire.git",
      "state" : {
        "revision" : "7595cbcf59809f9977c5f6378500de2ad73b7ddb",
        "version" : "5.12.0"
      }
    },
    {
      "identity" : "tmdb",
      "kind" : "remoteSourceControl",
      "location" : "https://github.com/adamayoung/TMDb.git",
      "state" : {
        "revision" : "6e9238c9dd19b9ecb6bd314a90475ec63c1628a6",
        "version" : "17.0.2"
      }
    }
  ],
  "version" : 3
}
